
Microsoft Visual Studio Solution File, Format Version 12.00
# Visual Studio Version 16
VisualStudioVersion = 16.0.29613.14
MinimumVisualStudioVersion = 10.0.40219.1
Project("{9A19103F-16F7-4668-BE54-9A1E7A4F7556}") = "Persistence", "Persistence\Persistence.csproj", "{370FCFA3-26AD-4A94-8A19-87D724C15581}"
	ProjectSection(ProjectDependencies) = postProject
		{15F7A107-C6FB-41D7-A564-985683BC0DE5} = {15F7A107-C6FB-41D7-A564-985683BC0DE5}
	EndProjectSection
EndProject
Project("{9A19103F-16F7-4668-BE54-9A1E7A4F7556}") = "Domain", "Domain\Domain.csproj", "{15F7A107-C6FB-41D7-A564-985683BC0DE5}"
EndProject
Project("{9A19103F-16F7-4668-BE54-9A1E7A4F7556}") = "Application", "Application\Application.csproj", "{73E51E34-E186-476D-8567-40581294617C}"
	ProjectSection(ProjectDependencies) = postProject
		{15F7A107-C6FB-41D7-A564-985683BC0DE5} = {15F7A107-C6FB-41D7-A564-985683BC0DE5}
		{370FCFA3-26AD-4A94-8A19-87D724C15581} = {370FCFA3-26AD-4A94-8A19-87D724C15581}
	EndProjectSection
EndProject
Project("{9A19103F-16F7-4668-BE54-9A1E7A4F7556}") = "API", "API\API.csproj", "{3B4302EF-41CE-43BF-B534-FE5EADA9624C}"
	ProjectSection(ProjectDependencies) = postProject
		{73E51E34-E186-476D-8567-40581294617C} = {73E51E34-E186-476D-8567-40581294617C}
	EndProjectSection
EndProject
Project("{FAE04EC0-301F-11D3-BF4B-00C04F79EFBC}") = "Infrastructure", "Infrastructure\Infrastructure.csproj", "{D33FD17C-6D5C-4147-9900-3D689645A9EE}"
EndProject
Global
	GlobalSection(SolutionConfigurationPlatforms) = preSolution
		Debug|Any CPU = Debug|Any CPU
		Release|Any CPU = Release|Any CPU
	EndGlobalSection
	GlobalSection(ProjectConfigurationPlatforms) = postSolution
		{370FCFA3-26AD-4A94-8A19-87D724C15581}.Debug|Any CPU.ActiveCfg = Debug|Any CPU
		{370FCFA3-26AD-4A94-8A19-87D724C15581}.Debug|Any CPU.Build.0 = Debug|Any CPU
		{370FCFA3-26AD-4A94-8A19-87D724C15581}.Release|Any CPU.ActiveCfg = Release|Any CPU
		{370FCFA3-26AD-4A94-8A19-87D724C15581}.Release|Any CPU.Build.0 = Release|Any CPU
		{15F7A107-C6FB-41D7-A564-985683BC0DE5}.Debug|Any CPU.ActiveCfg = Debug|Any CPU
		{15F7A107-C6FB-41D7-A564-985683BC0DE5}.Debug|Any CPU.Build.0 = Debug|Any CPU
		{15F7A107-C6FB-41D7-A564-985683BC0DE5}.Release|Any CPU.ActiveCfg = Release|Any CPU
		{15F7A107-C6FB-41D7-A564-985683BC0DE5}.Release|Any CPU.Build.0 = Release|Any CPU
		{73E51E34-E186-476D-8567-40581294617C}.Debug|Any CPU.ActiveCfg = Debug|Any CPU
		{73E51E34-E186-476D-8567-40581294617C}.Debug|Any CPU.Build.0 = Debug|Any CPU
		{73E51E34-E186-476D-8567-40581294617C}.Release|Any CPU.ActiveCfg = Release|Any CPU
		{73E51E34-E186-476D-8567-40581294617C}.Release|Any CPU.Build.0 = Release|Any CPU
		{3B4302EF-41CE-43BF-B534-FE5EADA9624C}.Debug|Any CPU.ActiveCfg = Debug|Any CPU
		{3B4302EF-41CE-43BF-B534-FE5EADA9624C}.Debug|Any CPU.Build.0 = Debug|Any CPU
		{3B4302EF-41CE-43BF-B534-FE5EADA9624C}.Release|Any CPU.ActiveCfg = Release|Any CPU
		{3B4302EF-41CE-43BF-B534-FE5EADA9624C}.Release|Any CPU.Build.0 = Release|Any CPU
		{D33FD17C-6D5C-4147-9900-3D689645A9EE}.Debug|Any CPU.ActiveCfg = Debug|Any CPU
		{D33FD17C-6D5C-4147-9900-3D689645A9EE}.Debug|Any CPU.Build.0 = Debug|Any CPU
		{D33FD17C-6D5C-4147-9900-3D689645A9EE}.Release|Any CPU.ActiveCfg = Release|Any CPU
		{D33FD17C-6D5C-4147-9900-3D689645A9EE}.Release|Any CPU.Build.0 = Release|Any CPU
	EndGlobalSection
	GlobalSection(SolutionProperties) = preSolution
		HideSolutionNode = FALSE
	EndGlobalSection
	GlobalSection(ExtensibilityGlobals) = postSolution
		SolutionGuid = {BEDF778F-11AF-45BD-9B1C-F6FE4822E6CA}
	EndGlobalSection
EndGlobal
